
Microsoft Visual Studio Solution File, Format Version 12.00
# Visual Studio 15
VisualStudioVersion = 15.0.28307.539
MinimumVisualStudioVersion = 10.0.40219.1
Project("{FAE04EC0-301F-11D3-BF4B-00C04F79EFBC}") = "hax", "hax\hax.csproj", "{00C106A3-898B-4892-86D3-AA18B282AEB5}"
EndProject
Global
	GlobalSection(SolutionConfigurationPlatforms) = preSolution
		Debug|Any CPU = Debug|Any CPU
		Release|Any CPU = Release|Any CPU
	EndGlobalSection
	GlobalSection(ProjectConfigurationPlatforms) = postSolution
		{00C106A3-898B-4892-86D3-AA18B282AEB5}.Debug|Any CPU.ActiveCfg = Debug|Any CPU
		{00C106A3-898B-4892-86D3-AA18B282AEB5}.Debug|Any CPU.Build.0 = Debug|Any CPU
		{00C106A3-898B-4892-86D3-AA18B282AEB5}.Release|Any CPU.ActiveCfg = Release|Any CPU
		{00C106A3-898B-4892-86D3-AA18B282AEB5}.Release|Any CPU.Build.0 = Release|Any CPU
	EndGlobalSection
	GlobalSection(SolutionProperties) = preSolution
		HideSolutionNode = FALSE
	EndGlobalSection
	GlobalSection(ExtensibilityGlobals) = postSolution
		SolutionGuid = {818DD9D9-8F12-4099-A3FF-8750F1CFD991}
	EndGlobalSection
EndGlobal
